
Microsoft Visual Studio Solution File, Format Version 12.00
# Visual Studio Version 17
VisualStudioVersion = 17.2.32526.322
MinimumVisualStudioVersion = 10.0.40219.1
Project("{FAE04EC0-301F-11D3-BF4B-00C04F79EFBC}") = "ImageSplitter", "ImageSplitter\ImageSplitter.csproj", "{A97FA5EC-0128-4F1A-8DAD-A2CCCFBED9BE}"
EndProject
Project("{FAE04EC0-301F-11D3-BF4B-00C04F79EFBC}") = "DuplicateScannerLib", "DuplicateScanner\DuplicateScannerLib.csproj", "{F9ECB383-C07A-481B-8A58-FF6166B187B5}"
EndProject
Project("{2150E333-8FDC-42A3-9474-1A3956D46DE8}") = "FunctionalLibs", "FunctionalLibs", "{7D2381C7-B2F6-4E17-8DFD-3F46D248E5E7}"
EndProject
Project("{2150E333-8FDC-42A3-9474-1A3956D46DE8}") = "UILibs", "UILibs", "{1851D2CE-5A28-473C-9755-F8B6A894E253}"
EndProject
Project("{FAE04EC0-301F-11D3-BF4B-00C04F79EFBC}") = "ImageSplitterLib", "ImageSplitterLib\ImageSplitterLib.csproj", "{555FAAE5-33AC-4511-822C-6C0CF55081C5}"
EndProject
Project("{FAE04EC0-301F-11D3-BF4B-00C04F79EFBC}") = "TreeViewWindowLib", "TreeViewLib\TreeViewWindowLib.csproj", "{894780B8-0F33-4019-949B-FFF432247417}"
EndProject
Project("{2150E333-8FDC-42A3-9474-1A3956D46DE8}") = "DataLibs", "DataLibs", "{E3E5E810-30B1-4763-B183-231969C12F08}"
EndProject
Project("{FAE04EC0-301F-11D3-BF4B-00C04F79EFBC}") = "SplitterDataLib", "SplitterData\SplitterDataLib.csproj", "{39099155-A9B8-45AC-939B-8FD067AFA966}"
EndProject
Project("{FAE04EC0-301F-11D3-BF4B-00C04F79EFBC}") = "SplitterSimpleUI", "SplitterSimpleUI\SplitterSimpleUI.csproj", "{11C672E6-7BB9-4EA8-B539-36EA5162674D}"
EndProject
Project("{FAE04EC0-301F-11D3-BF4B-00C04F79EFBC}") = "SplitterResources", "SplitterResources\SplitterResources.csproj", "{79C387B4-3665-438B-A20B-AAFED1916550}"
EndProject
Project("{FAE04EC0-301F-11D3-BF4B-00C04F79EFBC}") = "SelectFoldersWindowLib", "SelectFoldersLib\SelectFoldersWindowLib.csproj", "{EC8B62F8-34F4-4DFB-8B8A-4B822BFF3A9E}"
EndProject
Project("{FAE04EC0-301F-11D3-BF4B-00C04F79EFBC}") = "SplitPathWindowLib", "SplitPathLib\SplitPathWindowLib.csproj", "{6D7C03C6-A923-4919-B3B2-09D9CD9F9049}"
EndProject
Project("{FAE04EC0-301F-11D3-BF4B-00C04F79EFBC}") = "FolderCreateWindowLib", "FolderCreateLib\FolderCreateWindowLib.csproj", "{F89DE0C9-5357-4C49-99A7-CE6B4074D037}"
EndProject
Project("{FAE04EC0-301F-11D3-BF4B-00C04F79EFBC}") = "FilesSplitWindowLib", "FilesSplitLib\FilesSplitWindowLib.csproj", "{B103186A-5192-4A41-BB26-AA5CF09ADFEC}"
EndProject
Project("{2150E333-8FDC-42A3-9474-1A3956D46DE8}") = "WindowLibs", "WindowLibs", "{E5B2818A-6FFB-47DA-99B2-03FE3F6DC836}"
EndProject
Project("{FAE04EC0-301F-11D3-BF4B-00C04F79EFBC}") = "DuplicateScanWindowLib", "DuplicateScanWindowLib\DuplicateScanWindowLib.csproj", "{D277DF51-A99B-4CF1-A164-53646B94888D}"
EndProject
Project("{FAE04EC0-301F-11D3-BF4B-00C04F79EFBC}") = "FilesRenameWindowLib", "FilesRenameWindowLib\FilesRenameWindowLib.csproj", "{AB81FBFB-4306-4177-8B63-3102295B2741}"
EndProject
Project("{FAE04EC0-301F-11D3-BF4B-00C04F79EFBC}") = "SplitImagesWindowLib", "SplitImagesWindowLib\SplitImagesWindowLib.csproj", "{B2EC7E69-2BA0-4F7E-ABE5-DF1B8CDC93E7}"
EndProject
Project("{FAE04EC0-301F-11D3-BF4B-00C04F79EFBC}") = "MessagesWindowLib", "MessagesWindowLib\MessagesWindowLib.csproj", "{0A8767F9-A0EC-4433-98CD-0A3FA7F439F0}"
EndProject
Global
	GlobalSection(SolutionConfigurationPlatforms) = preSolution
		Debug|Any CPU = Debug|Any CPU
		Debug|x64 = Debug|x64
		Release|Any CPU = Release|Any CPU
		Release|x64 = Release|x64
	EndGlobalSection
	GlobalSection(ProjectConfigurationPlatforms) = postSolution
		{A97FA5EC-0128-4F1A-8DAD-A2CCCFBED9BE}.Debug|Any CPU.ActiveCfg = Debug|Any CPU
		{A97FA5EC-0128-4F1A-8DAD-A2CCCFBED9BE}.Debug|Any CPU.Build.0 = Debug|Any CPU
		{A97FA5EC-0128-4F1A-8DAD-A2CCCFBED9BE}.Debug|x64.ActiveCfg = Debug|x64
		{A97FA5EC-0128-4F1A-8DAD-A2CCCFBED9BE}.Debug|x64.Build.0 = Debug|x64
		{A97FA5EC-0128-4F1A-8DAD-A2CCCFBED9BE}.Release|Any CPU.ActiveCfg = Release|Any CPU
		{A97FA5EC-0128-4F1A-8DAD-A2CCCFBED9BE}.Release|Any CPU.Build.0 = Release|Any CPU
		{A97FA5EC-0128-4F1A-8DAD-A2CCCFBED9BE}.Release|x64.ActiveCfg = Release|x64
		{A97FA5EC-0128-4F1A-8DAD-A2CCCFBED9BE}.Release|x64.Build.0 = Release|x64
		{F9ECB383-C07A-481B-8A58-FF6166B187B5}.Debug|Any CPU.ActiveCfg = Debug|Any CPU
		{F9ECB383-C07A-481B-8A58-FF6166B187B5}.Debug|Any CPU.Build.0 = Debug|Any CPU
		{F9ECB383-C07A-481B-8A58-FF6166B187B5}.Debug|x64.ActiveCfg = Debug|Any CPU
		{F9ECB383-C07A-481B-8A58-FF6166B187B5}.Debug|x64.Build.0 = Debug|Any CPU
		{F9ECB383-C07A-481B-8A58-FF6166B187B5}.Release|Any CPU.ActiveCfg = Release|Any CPU
		{F9ECB383-C07A-481B-8A58-FF6166B187B5}.Release|Any CPU.Build.0 = Release|Any CPU
		{F9ECB383-C07A-481B-8A58-FF6166B187B5}.Release|x64.ActiveCfg = Release|Any CPU
		{F9ECB383-C07A-481B-8A58-FF6166B187B5}.Release|x64.Build.0 = Release|Any CPU
		{555FAAE5-33AC-4511-822C-6C0CF55081C5}.Debug|Any CPU.ActiveCfg = Debug|Any CPU
		{555FAAE5-33AC-4511-822C-6C0CF55081C5}.Debug|Any CPU.Build.0 = Debug|Any CPU
		{555FAAE5-33AC-4511-822C-6C0CF55081C5}.Debug|x64.ActiveCfg = Debug|Any CPU
		{555FAAE5-33AC-4511-822C-6C0CF55081C5}.Debug|x64.Build.0 = Debug|Any CPU
		{555FAAE5-33AC-4511-822C-6C0CF55081C5}.Release|Any CPU.ActiveCfg = Release|Any CPU
		{555FAAE5-33AC-4511-822C-6C0CF55081C5}.Release|Any CPU.Build.0 = Release|Any CPU
		{555FAAE5-33AC-4511-822C-6C0CF55081C5}.Release|x64.ActiveCfg = Release|Any CPU
		{555FAAE5-33AC-4511-822C-6C0CF55081C5}.Release|x64.Build.0 = Release|Any CPU
		{894780B8-0F33-4019-949B-FFF432247417}.Debug|Any CPU.ActiveCfg = Debug|Any CPU
		{894780B8-0F33-4019-949B-FFF432247417}.Debug|Any CPU.Build.0 = Debug|Any CPU
		{894780B8-0F33-4019-949B-FFF432247417}.Debug|x64.ActiveCfg = Debug|Any CPU
		{894780B8-0F33-4019-949B-FFF432247417}.Debug|x64.Build.0 = Debug|Any CPU
		{894780B8-0F33-4019-949B-FFF432247417}.Release|Any CPU.ActiveCfg = Release|Any CPU
		{894780B8-0F33-4019-949B-FFF432247417}.Release|Any CPU.Build.0 = Release|Any CPU
		{894780B8-0F33-4019-949B-FFF432247417}.Release|x64.ActiveCfg = Release|Any CPU
		{894780B8-0F33-4019-949B-FFF432247417}.Release|x64.Build.0 = Release|Any CPU
		{39099155-A9B8-45AC-939B-8FD067AFA966}.Debug|Any CPU.ActiveCfg = Debug|Any CPU
		{39099155-A9B8-45AC-939B-8FD067AFA966}.Debug|Any CPU.Build.0 = Debug|Any CPU
		{39099155-A9B8-45AC-939B-8FD067AFA966}.Debug|x64.ActiveCfg = Debug|Any CPU
		{39099155-A9B8-45AC-939B-8FD067AFA966}.Debug|x64.Build.0 = Debug|Any CPU
		{39099155-A9B8-45AC-939B-8FD067AFA966}.Release|Any CPU.ActiveCfg = Release|Any CPU
		{39099155-A9B8-45AC-939B-8FD067AFA966}.Release|Any CPU.Build.0 = Release|Any CPU
		{39099155-A9B8-45AC-939B-8FD067AFA966}.Release|x64.ActiveCfg = Release|Any CPU
		{39099155-A9B8-45AC-939B-8FD067AFA966}.Release|x64.Build.0 = Release|Any CPU
		{11C672E6-7BB9-4EA8-B539-36EA5162674D}.Debug|Any CPU.ActiveCfg = Debug|Any CPU
		{11C672E6-7BB9-4EA8-B539-36EA5162674D}.Debug|Any CPU.Build.0 = Debug|Any CPU
		{11C672E6-7BB9-4EA8-B539-36EA5162674D}.Debug|x64.ActiveCfg = Debug|Any CPU
		{11C672E6-7BB9-4EA8-B539-36EA5162674D}.Debug|x64.Build.0 = Debug|Any CPU
		{11C672E6-7BB9-4EA8-B539-36EA5162674D}.Release|Any CPU.ActiveCfg = Release|Any CPU
		{11C672E6-7BB9-4EA8-B539-36EA5162674D}.Release|Any CPU.Build.0 = Release|Any CPU
		{11C672E6-7BB9-4EA8-B539-36EA5162674D}.Release|x64.ActiveCfg = Release|Any CPU
		{11C672E6-7BB9-4EA8-B539-36EA5162674D}.Release|x64.Build.0 = Release|Any CPU
		{79C387B4-3665-438B-A20B-AAFED1916550}.Debug|Any CPU.ActiveCfg = Debug|Any CPU
		{79C387B4-3665-438B-A20B-AAFED1916550}.Debug|Any CPU.Build.0 = Debug|Any CPU
		{79C387B4-3665-438B-A20B-AAFED1916550}.Debug|x64.ActiveCfg = Debug|Any CPU
		{79C387B4-3665-438B-A20B-AAFED1916550}.Debug|x64.Build.0 = Debug|Any CPU
		{79C387B4-3665-438B-A20B-AAFED1916550}.Release|Any CPU.ActiveCfg = Release|Any CPU
		{79C387B4-3665-438B-A20B-AAFED1916550}.Release|Any CPU.Build.0 = Release|Any CPU
		{79C387B4-3665-438B-A20B-AAFED1916550}.Release|x64.ActiveCfg = Release|Any CPU
		{79C387B4-3665-438B-A20B-AAFED1916550}.Release|x64.Build.0 = Release|Any CPU
		{EC8B62F8-34F4-4DFB-8B8A-4B822BFF3A9E}.Debug|Any CPU.ActiveCfg = Debug|Any CPU
		{EC8B62F8-34F4-4DFB-8B8A-4B822BFF3A9E}.Debug|Any CPU.Build.0 = Debug|Any CPU
		{EC8B62F8-34F4-4DFB-8B8A-4B822BFF3A9E}.Debug|x64.ActiveCfg = Debug|Any CPU
		{EC8B62F8-34F4-4DFB-8B8A-4B822BFF3A9E}.Debug|x64.Build.0 = Debug|Any CPU
		{EC8B62F8-34F4-4DFB-8B8A-4B822BFF3A9E}.Release|Any CPU.ActiveCfg = Release|Any CPU
		{EC8B62F8-34F4-4DFB-8B8A-4B822BFF3A9E}.Release|Any CPU.Build.0 = Release|Any CPU
		{EC8B62F8-34F4-4DFB-8B8A-4B822BFF3A9E}.Release|x64.ActiveCfg = Release|Any CPU
		{EC8B62F8-34F4-4DFB-8B8A-4B822BFF3A9E}.Release|x64.Build.0 = Release|Any CPU
		{6D7C03C6-A923-4919-B3B2-09D9CD9F9049}.Debug|Any CPU.ActiveCfg = Debug|Any CPU
		{6D7C03C6-A923-4919-B3B2-09D9CD9F9049}.Debug|Any CPU.Build.0 = Debug|Any CPU
		{6D7C03C6-A923-4919-B3B2-09D9CD9F9049}.Debug|x64.ActiveCfg = Debug|Any CPU
		{6D7C03C6-A923-4919-B3B2-09D9CD9F9049}.Debug|x64.Build.0 = Debug|Any CPU
		{6D7C03C6-A923-4919-B3B2-09D9CD9F9049}.Release|Any CPU.ActiveCfg = Release|Any CPU
		{6D7C03C6-A923-4919-B3B2-09D9CD9F9049}.Release|Any CPU.Build.0 = Release|Any CPU
		{6D7C03C6-A923-4919-B3B2-09D9CD9F9049}.Release|x64.ActiveCfg = Release|Any CPU
		{6D7C03C6-A923-4919-B3B2-09D9CD9F9049}.Release|x64.Build.0 = Release|Any CPU
		{F89DE0C9-5357-4C49-99A7-CE6B4074D037}.Debug|Any CPU.ActiveCfg = Debug|Any CPU
		{F89DE0C9-5357-4C49-99A7-CE6B4074D037}.Debug|Any CPU.Build.0 = Debug|Any CPU
		{F89DE0C9-5357-4C49-99A7-CE6B4074D037}.Debug|x64.ActiveCfg = Debug|Any CPU
		{F89DE0C9-5357-4C49-99A7-CE6B4074D037}.Debug|x64.Build.0 = Debug|Any CPU
		{F89DE0C9-5357-4C49-99A7-CE6B4074D037}.Release|Any CPU.ActiveCfg = Release|Any CPU
		{F89DE0C9-5357-4C49-99A7-CE6B4074D037}.Release|Any CPU.Build.0 = Release|Any CPU
		{F89DE0C9-5357-4C49-99A7-CE6B4074D037}.Release|x64.ActiveCfg = Release|Any CPU
		{F89DE0C9-5357-4C49-99A7-CE6B4074D037}.Release|x64.Build.0 = Release|Any CPU
		{B103186A-5192-4A41-BB26-AA5CF09ADFEC}.Debug|Any CPU.ActiveCfg = Debug|Any CPU
		{B103186A-5192-4A41-BB26-AA5CF09ADFEC}.Debug|Any CPU.Build.0 = Debug|Any CPU
		{B103186A-5192-4A41-BB26-AA5CF09ADFEC}.Debug|x64.ActiveCfg = Debug|Any CPU
		{B103186A-5192-4A41-BB26-AA5CF09ADFEC}.Debug|x64.Build.0 = Debug|Any CPU
		{B103186A-5192-4A41-BB26-AA5CF09ADFEC}.Release|Any CPU.ActiveCfg = Release|Any CPU
		{B103186A-5192-4A41-BB26-AA5CF09ADFEC}.Release|Any CPU.Build.0 = Release|Any CPU
		{B103186A-5192-4A41-BB26-AA5CF09ADFEC}.Release|x64.ActiveCfg = Release|Any CPU
		{B103186A-5192-4A41-BB26-AA5CF09ADFEC}.Release|x64.Build.0 = Release|Any CPU
		{D277DF51-A99B-4CF1-A164-53646B94888D}.Debug|Any CPU.ActiveCfg = Debug|Any CPU
		{D277DF51-A99B-4CF1-A164-53646B94888D}.Debug|Any CPU.Build.0 = Debug|Any CPU
		{D277DF51-A99B-4CF1-A164-53646B94888D}.Debug|x64.ActiveCfg = Debug|Any CPU
		{D277DF51-A99B-4CF1-A164-53646B94888D}.Debug|x64.Build.0 = Debug|Any CPU
		{D277DF51-A99B-4CF1-A164-53646B94888D}.Release|Any CPU.ActiveCfg = Release|Any CPU
		{D277DF51-A99B-4CF1-A164-53646B94888D}.Release|Any CPU.Build.0 = Release|Any CPU
		{D277DF51-A99B-4CF1-A164-53646B94888D}.Release|x64.ActiveCfg = Release|Any CPU
		{D277DF51-A99B-4CF1-A164-53646B94888D}.Release|x64.Build.0 = Release|Any CPU
		{AB81FBFB-4306-4177-8B63-3102295B2741}.Debug|Any CPU.ActiveCfg = Debug|Any CPU
		{AB81FBFB-4306-4177-8B63-3102295B2741}.Debug|Any CPU.Build.0 = Debug|Any CPU
		{AB81FBFB-4306-4177-8B63-3102295B2741}.Debug|x64.ActiveCfg = Debug|Any CPU
		{AB81FBFB-4306-4177-8B63-3102295B2741}.Debug|x64.Build.0 = Debug|Any CPU
		{AB81FBFB-4306-4177-8B63-3102295B2741}.Release|Any CPU.ActiveCfg = Release|Any CPU
		{AB81FBFB-4306-4177-8B63-3102295B2741}.Release|Any CPU.Build.0 = Release|Any CPU
		{AB81FBFB-4306-4177-8B63-3102295B2741}.Release|x64.ActiveCfg = Release|Any CPU
		{AB81FBFB-4306-4177-8B63-3102295B2741}.Release|x64.Build.0 = Release|Any CPU
		{B2EC7E69-2BA0-4F7E-ABE5-DF1B8CDC93E7}.Debug|Any CPU.ActiveCfg = Debug|Any CPU
		{B2EC7E69-2BA0-4F7E-ABE5-DF1B8CDC93E7}.Debug|Any CPU.Build.0 = Debug|Any CPU
		{B2EC7E69-2BA0-4F7E-ABE5-DF1B8CDC93E7}.Debug|x64.ActiveCfg = Debug|Any CPU
		{B2EC7E69-2BA0-4F7E-ABE5-DF1B8CDC93E7}.Debug|x64.Build.0 = Debug|Any CPU
		{B2EC7E69-2BA0-4F7E-ABE5-DF1B8CDC93E7}.Release|Any CPU.ActiveCfg = Release|Any CPU
		{B2EC7E69-2BA0-4F7E-ABE5-DF1B8CDC93E7}.Release|Any CPU.Build.0 = Release|Any CPU
		{B2EC7E69-2BA0-4F7E-ABE5-DF1B8CDC93E7}.Release|x64.ActiveCfg = Release|Any CPU
		{B2EC7E69-2BA0-4F7E-ABE5-DF1B8CDC93E7}.Release|x64.Build.0 = Release|Any CPU
		{0A8767F9-A0EC-4433-98CD-0A3FA7F439F0}.Debug|Any CPU.ActiveCfg = Debug|Any CPU
		{0A8767F9-A0EC-4433-98CD-0A3FA7F439F0}.Debug|Any CPU.Build.0 = Debug|Any CPU
		{0A8767F9-A0EC-4433-98CD-0A3FA7F439F0}.Debug|x64.ActiveCfg = Debug|Any CPU
		{0A8767F9-A0EC-4433-98CD-0A3FA7F439F0}.Debug|x64.Build.0 = Debug|Any CPU
		{0A8767F9-A0EC-4433-98CD-0A3FA7F439F0}.Release|Any CPU.ActiveCfg = Release|Any CPU
		{0A8767F9-A0EC-4433-98CD-0A3FA7F439F0}.Release|Any CPU.Build.0 = Release|Any CPU
		{0A8767F9-A0EC-4433-98CD-0A3FA7F439F0}.Release|x64.ActiveCfg = Release|Any CPU
		{0A8767F9-A0EC-4433-98CD-0A3FA7F439F0}.Release|x64.Build.0 = Release|Any CPU
	EndGlobalSection
	GlobalSection(SolutionProperties) = preSolution
		HideSolutionNode = FALSE
	EndGlobalSection
	GlobalSection(NestedProjects) = preSolution
		{F9ECB383-C07A-481B-8A58-FF6166B187B5} = {7D2381C7-B2F6-4E17-8DFD-3F46D248E5E7}
		{555FAAE5-33AC-4511-822C-6C0CF55081C5} = {7D2381C7-B2F6-4E17-8DFD-3F46D248E5E7}
		{894780B8-0F33-4019-949B-FFF432247417} = {E5B2818A-6FFB-47DA-99B2-03FE3F6DC836}
		{39099155-A9B8-45AC-939B-8FD067AFA966} = {E3E5E810-30B1-4763-B183-231969C12F08}
		{11C672E6-7BB9-4EA8-B539-36EA5162674D} = {1851D2CE-5A28-473C-9755-F8B6A894E253}
		{79C387B4-3665-438B-A20B-AAFED1916550} = {E3E5E810-30B1-4763-B183-231969C12F08}
		{EC8B62F8-34F4-4DFB-8B8A-4B822BFF3A9E} = {E5B2818A-6FFB-47DA-99B2-03FE3F6DC836}
		{6D7C03C6-A923-4919-B3B2-09D9CD9F9049} = {E5B2818A-6FFB-47DA-99B2-03FE3F6DC836}
		{F89DE0C9-5357-4C49-99A7-CE6B4074D037} = {E5B2818A-6FFB-47DA-99B2-03FE3F6DC836}
		{B103186A-5192-4A41-BB26-AA5CF09ADFEC} = {E5B2818A-6FFB-47DA-99B2-03FE3F6DC836}
		{D277DF51-A99B-4CF1-A164-53646B94888D} = {E5B2818A-6FFB-47DA-99B2-03FE3F6DC836}
		{AB81FBFB-4306-4177-8B63-3102295B2741} = {E5B2818A-6FFB-47DA-99B2-03FE3F6DC836}
		{B2EC7E69-2BA0-4F7E-ABE5-DF1B8CDC93E7} = {E5B2818A-6FFB-47DA-99B2-03FE3F6DC836}
		{0A8767F9-A0EC-4433-98CD-0A3FA7F439F0} = {E5B2818A-6FFB-47DA-99B2-03FE3F6DC836}
	EndGlobalSection
	GlobalSection(ExtensibilityGlobals) = postSolution
		SolutionGuid = {9B24E308-FA6B-41D1-AF1C-5E83F37CAB26}
	EndGlobalSection
EndGlobal
